
Microsoft Visual Studio Solution File, Format Version 12.00
# Visual Studio 15
VisualStudioVersion = 15.0.28307.902
MinimumVisualStudioVersion = 10.0.40219.1
Project("{8BC9CEB8-8B4A-11D0-8D11-00A0C91BC942}") = "HelloWorld", "HelloWorld\HelloWorld.vcxproj", "{6767BB75-7DAC-436E-B814-80F35A555B3F}"
EndProject
Global
	GlobalSection(SolutionConfigurationPlatforms) = preSolution
		Debug|x64 = Debug|x64
		Debug|x86 = Debug|x86
		Release|x64 = Release|x64
		Release|x86 = Release|x86
	EndGlobalSection
	GlobalSection(ProjectConfigurationPlatforms) = postSolution
		{6767BB75-7DAC-436E-B814-80F35A555B3F}.Debug|x64.ActiveCfg = Debug|x64
		{6767BB75-7DAC-436E-B814-80F35A555B3F}.Debug|x64.Build.0 = Debug|x64
		{6767BB75-7DAC-436E-B814-80F35A555B3F}.Debug|x86.ActiveCfg = Debug|Win32
		{6767BB75-7DAC-436E-B814-80F35A555B3F}.Debug|x86.Build.0 = Debug|Win32
		{6767BB75-7DAC-436E-B814-80F35A555B3F}.Release|x64.ActiveCfg = Release|x64
		{6767BB75-7DAC-436E-B814-80F35A555B3F}.Release|x64.Build.0 = Release|x64
		{6767BB75-7DAC-436E-B814-80F35A555B3F}.Release|x86.ActiveCfg = Release|Win32
		{6767BB75-7DAC-436E-B814-80F35A555B3F}.Release|x86.Build.0 = Release|Win32
	EndGlobalSection
	GlobalSection(SolutionProperties) = preSolution
		HideSolutionNode = FALSE
	EndGlobalSection
	GlobalSection(ExtensibilityGlobals) = postSolution
		SolutionGuid = {C0CBD590-4E68-4CA6-8EDC-1B724BBDC452}
	EndGlobalSection
EndGlobal
